
Microsoft Visual Studio Solution File, Format Version 12.00
# Visual Studio Version 17
VisualStudioVersion = 17.3.32929.385
MinimumVisualStudioVersion = 10.0.40219.1
Project("{FAE04EC0-301F-11D3-BF4B-00C04F79EFBC}") = "Factory_method", "Factory_method\Factory_method.csproj", "{8AAF9E2B-3D1F-431C-A11A-29D9FE3FA235}"
EndProject
Global
	GlobalSection(SolutionConfigurationPlatforms) = preSolution
		Debug|Any CPU = Debug|Any CPU
		Release|Any CPU = Release|Any CPU
	EndGlobalSection
	GlobalSection(ProjectConfigurationPlatforms) = postSolution
		{8AAF9E2B-3D1F-431C-A11A-29D9FE3FA235}.Debug|Any CPU.ActiveCfg = Debug|Any CPU
		{8AAF9E2B-3D1F-431C-A11A-29D9FE3FA235}.Debug|Any CPU.Build.0 = Debug|Any CPU
		{8AAF9E2B-3D1F-431C-A11A-29D9FE3FA235}.Release|Any CPU.ActiveCfg = Release|Any CPU
		{8AAF9E2B-3D1F-431C-A11A-29D9FE3FA235}.Release|Any CPU.Build.0 = Release|Any CPU
	EndGlobalSection
	GlobalSection(SolutionProperties) = preSolution
		HideSolutionNode = FALSE
	EndGlobalSection
	GlobalSection(ExtensibilityGlobals) = postSolution
		SolutionGuid = {A194E83B-DB64-48D4-8FAD-3EB04A2DD304}
	EndGlobalSection
EndGlobal
